
Microsoft Visual Studio Solution File, Format Version 12.00
# Visual Studio Version 17
VisualStudioVersion = 17.1.32228.430
MinimumVisualStudioVersion = 10.0.40219.1
Project("{FAE04EC0-301F-11D3-BF4B-00C04F79EFBC}") = "mdk", "mdk\mdk.csproj", "{43ECFB27-8FC7-45A9-9536-2C23B355DFBA}"
EndProject
Project("{FAE04EC0-301F-11D3-BF4B-00C04F79EFBC}") = "mdk_pz_2", "mdk_pz_2\mdk_pz_2.csproj", "{BB7438D0-7B40-4907-BA51-36EB026485D8}"
EndProject
Global
	GlobalSection(SolutionConfigurationPlatforms) = preSolution
		Debug|Any CPU = Debug|Any CPU
		Release|Any CPU = Release|Any CPU
	EndGlobalSection
	GlobalSection(ProjectConfigurationPlatforms) = postSolution
		{43ECFB27-8FC7-45A9-9536-2C23B355DFBA}.Debug|Any CPU.ActiveCfg = Debug|Any CPU
		{43ECFB27-8FC7-45A9-9536-2C23B355DFBA}.Debug|Any CPU.Build.0 = Debug|Any CPU
		{43ECFB27-8FC7-45A9-9536-2C23B355DFBA}.Release|Any CPU.ActiveCfg = Release|Any CPU
		{43ECFB27-8FC7-45A9-9536-2C23B355DFBA}.Release|Any CPU.Build.0 = Release|Any CPU
		{BB7438D0-7B40-4907-BA51-36EB026485D8}.Debug|Any CPU.ActiveCfg = Debug|Any CPU
		{BB7438D0-7B40-4907-BA51-36EB026485D8}.Debug|Any CPU.Build.0 = Debug|Any CPU
		{BB7438D0-7B40-4907-BA51-36EB026485D8}.Release|Any CPU.ActiveCfg = Release|Any CPU
		{BB7438D0-7B40-4907-BA51-36EB026485D8}.Release|Any CPU.Build.0 = Release|Any CPU
	EndGlobalSection
	GlobalSection(SolutionProperties) = preSolution
		HideSolutionNode = FALSE
	EndGlobalSection
	GlobalSection(ExtensibilityGlobals) = postSolution
		SolutionGuid = {92593B5D-EF81-4B26-AAAA-C616DC6BAD9D}
	EndGlobalSection
EndGlobal
